
Microsoft Visual Studio Solution File, Format Version 12.00
# Visual Studio Version 16
VisualStudioVersion = 16.0.30413.136
MinimumVisualStudioVersion = 10.0.40219.1
Project("{FAE04EC0-301F-11D3-BF4B-00C04F79EFBC}") = "APIConsume", "APIConsume\APIConsume.csproj", "{F3FD436E-E0E5-402D-91E9-E17500198688}"
EndProject
Global
	GlobalSection(SolutionConfigurationPlatforms) = preSolution
		Debug|Any CPU = Debug|Any CPU
		Release|Any CPU = Release|Any CPU
	EndGlobalSection
	GlobalSection(ProjectConfigurationPlatforms) = postSolution
		{F3FD436E-E0E5-402D-91E9-E17500198688}.Debug|Any CPU.ActiveCfg = Debug|Any CPU
		{F3FD436E-E0E5-402D-91E9-E17500198688}.Debug|Any CPU.Build.0 = Debug|Any CPU
		{F3FD436E-E0E5-402D-91E9-E17500198688}.Release|Any CPU.ActiveCfg = Release|Any CPU
		{F3FD436E-E0E5-402D-91E9-E17500198688}.Release|Any CPU.Build.0 = Release|Any CPU
	EndGlobalSection
	GlobalSection(SolutionProperties) = preSolution
		HideSolutionNode = FALSE
	EndGlobalSection
	GlobalSection(ExtensibilityGlobals) = postSolution
		SolutionGuid = {D2D3D8B2-441E-4714-B2AA-093313E49050}
	EndGlobalSection
EndGlobal
